
Microsoft Visual Studio Solution File, Format Version 11.00
# Visual Studio 2010
Project("{FAE04EC0-301F-11D3-BF4B-00C04F79EFBC}") = "Unity3d-Button", "Assembly-CSharp.csproj", "{C6BB4DC8-EC71-D1BC-B420-5D352057244A}"
EndProject
Global
	GlobalSection(SolutionConfigurationPlatforms) = preSolution
		Debug|Any CPU = Debug|Any CPU
		Release|Any CPU = Release|Any CPU
	EndGlobalSection
	GlobalSection(ProjectConfigurationPlatforms) = postSolution
		{C6BB4DC8-EC71-D1BC-B420-5D352057244A}.Debug|Any CPU.ActiveCfg = Debug|Any CPU
		{C6BB4DC8-EC71-D1BC-B420-5D352057244A}.Debug|Any CPU.Build.0 = Debug|Any CPU
		{C6BB4DC8-EC71-D1BC-B420-5D352057244A}.Release|Any CPU.ActiveCfg = Release|Any CPU
		{C6BB4DC8-EC71-D1BC-B420-5D352057244A}.Release|Any CPU.Build.0 = Release|Any CPU
	EndGlobalSection
	GlobalSection(SolutionProperties) = preSolution
		HideSolutionNode = FALSE
	EndGlobalSection
	GlobalSection(MonoDevelopProperties) = preSolution
		StartupItem = Assembly-CSharp.csproj
	EndGlobalSection
EndGlobal
